// !$*UTF8*$!
{
	archiveVersion = 1;
	classes = {
	};
	objectVersion = 55;
	objects = {

/* Begin PBXBuildFile section */
		2B8A0A21E7D035C8E72BB575 /* Pods_GojekAssignmentTests.framework in Frameworks */ = {isa = PBXBuildFile; fileRef = 27599F53C5443EEC0E87BE4C /* Pods_GojekAssignmentTests.framework */; };
		4C09135F2935CA140012110A /* UserDataStore.swift in Sources */ = {isa = PBXBuildFile; fileRef = 4C09135E2935CA140012110A /* UserDataStore.swift */; };
		4C1C470629347D9900F7828E /* GojekAssignment.xcdatamodeld in Sources */ = {isa = PBXBuildFile; fileRef = 4C1C470429347D9900F7828E /* GojekAssignment.xcdatamodeld */; };
		4C1C4711293481A000F7828E /* Person+CoreDataClass.swift in Sources */ = {isa = PBXBuildFile; fileRef = 4C1C470F293481A000F7828E /* Person+CoreDataClass.swift */; };
		4C1C4712293481A000F7828E /* Person+CoreDataProperties.swift in Sources */ = {isa = PBXBuildFile; fileRef = 4C1C4710293481A000F7828E /* Person+CoreDataProperties.swift */; };
		4C35C2F528CDE05E00C458BC /* CardViewModel.swift in Sources */ = {isa = PBXBuildFile; fileRef = 4C35C2F428CDE05E00C458BC /* CardViewModel.swift */; };
		4C496DBB2939BE8400C7DB41 /* GojekAppDependencyContainer.swift in Sources */ = {isa = PBXBuildFile; fileRef = 4C496DBA2939BE8400C7DB41 /* GojekAppDependencyContainer.swift */; };
		4C60941128C4EC35001C0502 /* CardViewController.swift in Sources */ = {isa = PBXBuildFile; fileRef = 4C60941028C4EC35001C0502 /* CardViewController.swift */; };
		4C7B330028C64B3200229AB2 /* GojekCloudUserRemoteAPI.swift in Sources */ = {isa = PBXBuildFile; fileRef = 4C7B32FF28C64B3200229AB2 /* GojekCloudUserRemoteAPI.swift */; };
		4C7B330228C64E9E00229AB2 /* UserRepository.swift in Sources */ = {isa = PBXBuildFile; fileRef = 4C7B330128C64E9E00229AB2 /* UserRepository.swift */; };
		4C7B330428C64EDA00229AB2 /* GojekUserRepository.swift in Sources */ = {isa = PBXBuildFile; fileRef = 4C7B330328C64EDA00229AB2 /* GojekUserRepository.swift */; };
		4CA3A97928C74EEF001D0308 /* MainViewModel.swift in Sources */ = {isa = PBXBuildFile; fileRef = 4CA3A97828C74EEF001D0308 /* MainViewModel.swift */; };
		4CA3A97C28C77382001D0308 /* ImageView+setImage.swift in Sources */ = {isa = PBXBuildFile; fileRef = 4CA3A97B28C77382001D0308 /* ImageView+setImage.swift */; };
		4CA3A97E28C77454001D0308 /* Photo.swift in Sources */ = {isa = PBXBuildFile; fileRef = 4CA3A97D28C77454001D0308 /* Photo.swift */; };
		4CA7BEAA28C6435800100CDF /* Name.swift in Sources */ = {isa = PBXBuildFile; fileRef = 4CA7BEA928C6435800100CDF /* Name.swift */; };
		4CA7BEAC28C643B200100CDF /* DateOfBirth.swift in Sources */ = {isa = PBXBuildFile; fileRef = 4CA7BEAB28C643B200100CDF /* DateOfBirth.swift */; };
		4CA7BEAE28C643C300100CDF /* Location.swift in Sources */ = {isa = PBXBuildFile; fileRef = 4CA7BEAD28C643C300100CDF /* Location.swift */; };
		4CA7BEB028C643D000100CDF /* Street.swift in Sources */ = {isa = PBXBuildFile; fileRef = 4CA7BEAF28C643D000100CDF /* Street.swift */; };
		4CA7BEB428C6466E00100CDF /* UserRemoteAPI.swift in Sources */ = {isa = PBXBuildFile; fileRef = 4CA7BEB328C6466E00100CDF /* UserRemoteAPI.swift */; };
		4CBEE00B2938BCBC00630B43 /* GojekAssignmentTests.swift in Sources */ = {isa = PBXBuildFile; fileRef = 4CBEE00A2938BCBC00630B43 /* GojekAssignmentTests.swift */; };
		4CBF283028C6073100FC3F92 /* UserProfile.swift in Sources */ = {isa = PBXBuildFile; fileRef = 4CBF282F28C6073100FC3F92 /* UserProfile.swift */; };
		4CCFC33B28C485BB005BE7FB /* AppDelegate.swift in Sources */ = {isa = PBXBuildFile; fileRef = 4CCFC33A28C485BB005BE7FB /* AppDelegate.swift */; };
		4CCFC33D28C485BB005BE7FB /* SceneDelegate.swift in Sources */ = {isa = PBXBuildFile; fileRef = 4CCFC33C28C485BB005BE7FB /* SceneDelegate.swift */; };
		4CCFC33F28C485BB005BE7FB /* ViewController.swift in Sources */ = {isa = PBXBuildFile; fileRef = 4CCFC33E28C485BB005BE7FB /* ViewController.swift */; };
		4CCFC34228C485BB005BE7FB /* Main.storyboard in Resources */ = {isa = PBXBuildFile; fileRef = 4CCFC34028C485BB005BE7FB /* Main.storyboard */; };
		4CCFC34428C485BF005BE7FB /* Assets.xcassets in Resources */ = {isa = PBXBuildFile; fileRef = 4CCFC34328C485BF005BE7FB /* Assets.xcassets */; };
		4CCFC34728C485BF005BE7FB /* LaunchScreen.storyboard in Resources */ = {isa = PBXBuildFile; fileRef = 4CCFC34528C485BF005BE7FB /* LaunchScreen.storyboard */; };
		4CCFC34F28C486A5005BE7FB /* MainViewController.swift in Sources */ = {isa = PBXBuildFile; fileRef = 4CCFC34E28C486A5005BE7FB /* MainViewController.swift */; };
		8E4B95D2BE87DB8899C6D470 /* Pods_GojekAssignment.framework in Frameworks */ = {isa = PBXBuildFile; fileRef = 0429C6179EF3218B7F05546A /* Pods_GojekAssignment.framework */; };
/* End PBXBuildFile section */

/* Begin PBXContainerItemProxy section */
		4CBEE00C2938BCBC00630B43 /* PBXContainerItemProxy */ = {
			isa = PBXContainerItemProxy;
			containerPortal = 4CCFC32F28C485BB005BE7FB /* Project object */;
			proxyType = 1;
			remoteGlobalIDString = 4CCFC33628C485BB005BE7FB;
			remoteInfo = GojekAssignment;
		};
/* End PBXContainerItemProxy section */

/* Begin PBXFileReference section */
		02FFBBDC88043125D0DD004D /* Pods-GojekAssignmentTests.debug.xcconfig */ = {isa = PBXFileReference; includeInIndex = 1; lastKnownFileType = text.xcconfig; name = "Pods-GojekAssignmentTests.debug.xcconfig"; path = "Target Support Files/Pods-GojekAssignmentTests/Pods-GojekAssignmentTests.debug.xcconfig"; sourceTree = "<group>"; };
		0429C6179EF3218B7F05546A /* Pods_GojekAssignment.framework */ = {isa = PBXFileReference; explicitFileType = wrapper.framework; includeInIndex = 0; path = Pods_GojekAssignment.framework; sourceTree = BUILT_PRODUCTS_DIR; };
		2506DCF8E16877803E2E8075 /* Pods-GojekAssignmentTests.release.xcconfig */ = {isa = PBXFileReference; includeInIndex = 1; lastKnownFileType = text.xcconfig; name = "Pods-GojekAssignmentTests.release.xcconfig"; path = "Target Support Files/Pods-GojekAssignmentTests/Pods-GojekAssignmentTests.release.xcconfig"; sourceTree = "<group>"; };
		27599F53C5443EEC0E87BE4C /* Pods_GojekAssignmentTests.framework */ = {isa = PBXFileReference; explicitFileType = wrapper.framework; includeInIndex = 0; path = Pods_GojekAssignmentTests.framework; sourceTree = BUILT_PRODUCTS_DIR; };
		4C09135E2935CA140012110A /* UserDataStore.swift */ = {isa = PBXFileReference; lastKnownFileType = sourcecode.swift; path = UserDataStore.swift; sourceTree = "<group>"; };
		4C1C470529347D9900F7828E /* GojekAssignment.xcdatamodel */ = {isa = PBXFileReference; lastKnownFileType = wrapper.xcdatamodel; path = GojekAssignment.xcdatamodel; sourceTree = "<group>"; };
		4C1C470F293481A000F7828E /* Person+CoreDataClass.swift */ = {isa = PBXFileReference; lastKnownFileType = sourcecode.swift; path = "Person+CoreDataClass.swift"; sourceTree = SOURCE_ROOT; };
		4C1C4710293481A000F7828E /* Person+CoreDataProperties.swift */ = {isa = PBXFileReference; lastKnownFileType = sourcecode.swift; path = "Person+CoreDataProperties.swift"; sourceTree = SOURCE_ROOT; };
		4C35C2F428CDE05E00C458BC /* CardViewModel.swift */ = {isa = PBXFileReference; lastKnownFileType = sourcecode.swift; path = CardViewModel.swift; sourceTree = "<group>"; };
		4C496DBA2939BE8400C7DB41 /* GojekAppDependencyContainer.swift */ = {isa = PBXFileReference; lastKnownFileType = sourcecode.swift; path = GojekAppDependencyContainer.swift; sourceTree = "<group>"; };
		4C60941028C4EC35001C0502 /* CardViewController.swift */ = {isa = PBXFileReference; lastKnownFileType = sourcecode.swift; path = CardViewController.swift; sourceTree = "<group>"; };
		4C7B32FF28C64B3200229AB2 /* GojekCloudUserRemoteAPI.swift */ = {isa = PBXFileReference; lastKnownFileType = sourcecode.swift; path = GojekCloudUserRemoteAPI.swift; sourceTree = "<group>"; };
		4C7B330128C64E9E00229AB2 /* UserRepository.swift */ = {isa = PBXFileReference; lastKnownFileType = sourcecode.swift; path = UserRepository.swift; sourceTree = "<group>"; };
		4C7B330328C64EDA00229AB2 /* GojekUserRepository.swift */ = {isa = PBXFileReference; lastKnownFileType = sourcecode.swift; path = GojekUserRepository.swift; sourceTree = "<group>"; };
		4CA3A97828C74EEF001D0308 /* MainViewModel.swift */ = {isa = PBXFileReference; lastKnownFileType = sourcecode.swift; path = MainViewModel.swift; sourceTree = "<group>"; };
		4CA3A97B28C77382001D0308 /* ImageView+setImage.swift */ = {isa = PBXFileReference; lastKnownFileType = sourcecode.swift; path = "ImageView+setImage.swift"; sourceTree = "<group>"; };
		4CA3A97D28C77454001D0308 /* Photo.swift */ = {isa = PBXFileReference; lastKnownFileType = sourcecode.swift; path = Photo.swift; sourceTree = "<group>"; };
		4CA7BEA928C6435800100CDF /* Name.swift */ = {isa = PBXFileReference; lastKnownFileType = sourcecode.swift; path = Name.swift; sourceTree = "<group>"; };
		4CA7BEAB28C643B200100CDF /* DateOfBirth.swift */ = {isa = PBXFileReference; lastKnownFileType = sourcecode.swift; path = DateOfBirth.swift; sourceTree = "<group>"; };
		4CA7BEAD28C643C300100CDF /* Location.swift */ = {isa = PBXFileReference; lastKnownFileType = sourcecode.swift; path = Location.swift; sourceTree = "<group>"; };
		4CA7BEAF28C643D000100CDF /* Street.swift */ = {isa = PBXFileReference; lastKnownFileType = sourcecode.swift; path = Street.swift; sourceTree = "<group>"; };
		4CA7BEB328C6466E00100CDF /* UserRemoteAPI.swift */ = {isa = PBXFileReference; lastKnownFileType = sourcecode.swift; path = UserRemoteAPI.swift; sourceTree = "<group>"; };
		4CA7BEB528C648DC00100CDF /* RxCocoa.framework */ = {isa = PBXFileReference; explicitFileType = wrapper.framework; path = RxCocoa.framework; sourceTree = BUILT_PRODUCTS_DIR; };
		4CA7BEB628C648DC00100CDF /* RxRelay.framework */ = {isa = PBXFileReference; explicitFileType = wrapper.framework; path = RxRelay.framework; sourceTree = BUILT_PRODUCTS_DIR; };
		4CA7BEB728C648DC00100CDF /* RxSwift.framework */ = {isa = PBXFileReference; explicitFileType = wrapper.framework; path = RxSwift.framework; sourceTree = BUILT_PRODUCTS_DIR; };
		4CBEE0082938BCBC00630B43 /* GojekAssignmentTests.xctest */ = {isa = PBXFileReference; explicitFileType = wrapper.cfbundle; includeInIndex = 0; path = GojekAssignmentTests.xctest; sourceTree = BUILT_PRODUCTS_DIR; };
		4CBEE00A2938BCBC00630B43 /* GojekAssignmentTests.swift */ = {isa = PBXFileReference; lastKnownFileType = sourcecode.swift; path = GojekAssignmentTests.swift; sourceTree = "<group>"; };
		4CBF282F28C6073100FC3F92 /* UserProfile.swift */ = {isa = PBXFileReference; lastKnownFileType = sourcecode.swift; path = UserProfile.swift; sourceTree = "<group>"; };
		4CCFC33728C485BB005BE7FB /* GojekAssignment.app */ = {isa = PBXFileReference; explicitFileType = wrapper.application; includeInIndex = 0; path = GojekAssignment.app; sourceTree = BUILT_PRODUCTS_DIR; };
		4CCFC33A28C485BB005BE7FB /* AppDelegate.swift */ = {isa = PBXFileReference; lastKnownFileType = sourcecode.swift; path = AppDelegate.swift; sourceTree = "<group>"; };
		4CCFC33C28C485BB005BE7FB /* SceneDelegate.swift */ = {isa = PBXFileReference; lastKnownFileType = sourcecode.swift; path = SceneDelegate.swift; sourceTree = "<group>"; };
		4CCFC33E28C485BB005BE7FB /* ViewController.swift */ = {isa = PBXFileReference; lastKnownFileType = sourcecode.swift; path = ViewController.swift; sourceTree = "<group>"; };
		4CCFC34128C485BB005BE7FB /* Base */ = {isa = PBXFileReference; lastKnownFileType = file.storyboard; name = Base; path = Base.lproj/Main.storyboard; sourceTree = "<group>"; };
		4CCFC34328C485BF005BE7FB /* Assets.xcassets */ = {isa = PBXFileReference; lastKnownFileType = folder.assetcatalog; path = Assets.xcassets; sourceTree = "<group>"; };
		4CCFC34628C485BF005BE7FB /* Base */ = {isa = PBXFileReference; lastKnownFileType = file.storyboard; name = Base; path = Base.lproj/LaunchScreen.storyboard; sourceTree = "<group>"; };
		4CCFC34828C485BF005BE7FB /* Info.plist */ = {isa = PBXFileReference; lastKnownFileType = text.plist.xml; path = Info.plist; sourceTree = "<group>"; };
		4CCFC34E28C486A5005BE7FB /* MainViewController.swift */ = {isa = PBXFileReference; lastKnownFileType = sourcecode.swift; path = MainViewController.swift; sourceTree = "<group>"; };
		BEFE0598444241D346F9E1BF /* Pods-GojekAssignment.release.xcconfig */ = {isa = PBXFileReference; includeInIndex = 1; lastKnownFileType = text.xcconfig; name = "Pods-GojekAssignment.release.xcconfig"; path = "Target Support Files/Pods-GojekAssignment/Pods-GojekAssignment.release.xcconfig"; sourceTree = "<group>"; };
		F2CB43870156A74A499F6692 /* Pods-GojekAssignment.debug.xcconfig */ = {isa = PBXFileReference; includeInIndex = 1; lastKnownFileType = text.xcconfig; name = "Pods-GojekAssignment.debug.xcconfig"; path = "Target Support Files/Pods-GojekAssignment/Pods-GojekAssignment.debug.xcconfig"; sourceTree = "<group>"; };
/* End PBXFileReference section */

/* Begin PBXFrameworksBuildPhase section */
		4CBEE0052938BCBC00630B43 /* Frameworks */ = {
			isa = PBXFrameworksBuildPhase;
			buildActionMask = 2147483647;
			files = (
				2B8A0A21E7D035C8E72BB575 /* Pods_GojekAssignmentTests.framework in Frameworks */,
			);
			runOnlyForDeploymentPostprocessing = 0;
		};
		4CCFC33428C485BB005BE7FB /* Frameworks */ = {
			isa = PBXFrameworksBuildPhase;
			buildActionMask = 2147483647;
			files = (
				8E4B95D2BE87DB8899C6D470 /* Pods_GojekAssignment.framework in Frameworks */,
			);
			runOnlyForDeploymentPostprocessing = 0;
		};
/* End PBXFrameworksBuildPhase section */

/* Begin PBXGroup section */
		0C4BBD804D69B8C7D7625841 /* Frameworks */ = {
			isa = PBXGroup;
			children = (
				4CA7BEB528C648DC00100CDF /* RxCocoa.framework */,
				4CA7BEB628C648DC00100CDF /* RxRelay.framework */,
				4CA7BEB728C648DC00100CDF /* RxSwift.framework */,
				0429C6179EF3218B7F05546A /* Pods_GojekAssignment.framework */,
				27599F53C5443EEC0E87BE4C /* Pods_GojekAssignmentTests.framework */,
			);
			name = Frameworks;
			sourceTree = "<group>";
		};
		4C09135D2935C9410012110A /* Persistence */ = {
			isa = PBXGroup;
			children = (
				4C09135E2935CA140012110A /* UserDataStore.swift */,
			);
			path = Persistence;
			sourceTree = "<group>";
		};
		4C7B32FE28C64AF400229AB2 /* Implementations */ = {
			isa = PBXGroup;
			children = (
				4C7B32FF28C64B3200229AB2 /* GojekCloudUserRemoteAPI.swift */,
			);
			path = Implementations;
			sourceTree = "<group>";
		};
		4CA3A97728C74ECD001D0308 /* UILayer */ = {
			isa = PBXGroup;
			children = (
				4CA3A97828C74EEF001D0308 /* MainViewModel.swift */,
				4C35C2F428CDE05E00C458BC /* CardViewModel.swift */,
			);
			path = UILayer;
			sourceTree = "<group>";
		};
		4CA3A97A28C7736C001D0308 /* Extensions */ = {
			isa = PBXGroup;
			children = (
				4CA3A97B28C77382001D0308 /* ImageView+setImage.swift */,
			);
			path = Extensions;
			sourceTree = "<group>";
		};
		4CA7BEB128C6451900100CDF /* Remote */ = {
			isa = PBXGroup;
			children = (
				4CA7BEB228C6465C00100CDF /* User */,
			);
			path = Remote;
			sourceTree = "<group>";
		};
		4CA7BEB228C6465C00100CDF /* User */ = {
			isa = PBXGroup;
			children = (
				4C7B32FE28C64AF400229AB2 /* Implementations */,
				4CA7BEB328C6466E00100CDF /* UserRemoteAPI.swift */,
			);
			path = User;
			sourceTree = "<group>";
		};
		4CBEE0092938BCBC00630B43 /* GojekAssignmentTests */ = {
			isa = PBXGroup;
			children = (
				4CBEE00A2938BCBC00630B43 /* GojekAssignmentTests.swift */,
			);
			path = GojekAssignmentTests;
			sourceTree = "<group>";
		};
		4CBF282B28C5E91E00FC3F92 /* iOSApp */ = {
			isa = PBXGroup;
			children = (
				4CCFC34E28C486A5005BE7FB /* MainViewController.swift */,
				4C60941028C4EC35001C0502 /* CardViewController.swift */,
				4C496DBA2939BE8400C7DB41 /* GojekAppDependencyContainer.swift */,
			);
			path = iOSApp;
			sourceTree = "<group>";
		};
		4CBF282C28C603A400FC3F92 /* DataLayer */ = {
			isa = PBXGroup;
			children = (
				4CBF282E28C6056A00FC3F92 /* Model */,
				4CBF282D28C6052700FC3F92 /* Repositories */,
			);
			path = DataLayer;
			sourceTree = "<group>";
		};
		4CBF282D28C6052700FC3F92 /* Repositories */ = {
			isa = PBXGroup;
			children = (
				4C09135D2935C9410012110A /* Persistence */,
				4CA7BEB128C6451900100CDF /* Remote */,
				4C7B330128C64E9E00229AB2 /* UserRepository.swift */,
				4C7B330328C64EDA00229AB2 /* GojekUserRepository.swift */,
			);
			path = Repositories;
			sourceTree = "<group>";
		};
		4CBF282E28C6056A00FC3F92 /* Model */ = {
			isa = PBXGroup;
			children = (
				4CBF282F28C6073100FC3F92 /* UserProfile.swift */,
				4CA7BEA928C6435800100CDF /* Name.swift */,
				4CA7BEAB28C643B200100CDF /* DateOfBirth.swift */,
				4CA7BEAD28C643C300100CDF /* Location.swift */,
				4CA7BEAF28C643D000100CDF /* Street.swift */,
				4CA3A97D28C77454001D0308 /* Photo.swift */,
			);
			path = Model;
			sourceTree = "<group>";
		};
		4CCFC32E28C485BB005BE7FB = {
			isa = PBXGroup;
			children = (
				4CCFC33928C485BB005BE7FB /* GojekAssignment */,
				4CBEE0092938BCBC00630B43 /* GojekAssignmentTests */,
				4CCFC33828C485BB005BE7FB /* Products */,
				DB091E4FD75E3F5B9C51CFA8 /* Pods */,
				0C4BBD804D69B8C7D7625841 /* Frameworks */,
			);
			sourceTree = "<group>";
		};
		4CCFC33828C485BB005BE7FB /* Products */ = {
			isa = PBXGroup;
			children = (
				4CCFC33728C485BB005BE7FB /* GojekAssignment.app */,
				4CBEE0082938BCBC00630B43 /* GojekAssignmentTests.xctest */,
			);
			name = Products;
			sourceTree = "<group>";
		};
		4CCFC33928C485BB005BE7FB /* GojekAssignment */ = {
			isa = PBXGroup;
			children = (
				4C1C470F293481A000F7828E /* Person+CoreDataClass.swift */,
				4C1C4710293481A000F7828E /* Person+CoreDataProperties.swift */,
				4CA3A97A28C7736C001D0308 /* Extensions */,
				4CA3A97728C74ECD001D0308 /* UILayer */,
				4CBF282C28C603A400FC3F92 /* DataLayer */,
				4CBF282B28C5E91E00FC3F92 /* iOSApp */,
				4CCFC33A28C485BB005BE7FB /* AppDelegate.swift */,
				4CCFC33C28C485BB005BE7FB /* SceneDelegate.swift */,
				4CCFC33E28C485BB005BE7FB /* ViewController.swift */,
				4CCFC34028C485BB005BE7FB /* Main.storyboard */,
				4CCFC34328C485BF005BE7FB /* Assets.xcassets */,
				4CCFC34528C485BF005BE7FB /* LaunchScreen.storyboard */,
				4CCFC34828C485BF005BE7FB /* Info.plist */,
				4C1C470429347D9900F7828E /* GojekAssignment.xcdatamodeld */,
			);
			path = GojekAssignment;
			sourceTree = "<group>";
		};
		DB091E4FD75E3F5B9C51CFA8 /* Pods */ = {
			isa = PBXGroup;
			children = (
				F2CB43870156A74A499F6692 /* Pods-GojekAssignment.debug.xcconfig */,
				BEFE0598444241D346F9E1BF /* Pods-GojekAssignment.release.xcconfig */,
				02FFBBDC88043125D0DD004D /* Pods-GojekAssignmentTests.debug.xcconfig */,
				2506DCF8E16877803E2E8075 /* Pods-GojekAssignmentTests.release.xcconfig */,
			);
			path = Pods;
			sourceTree = "<group>";
		};
/* End PBXGroup section */

/* Begin PBXNativeTarget section */
		4CBEE0072938BCBC00630B43 /* GojekAssignmentTests */ = {
			isa = PBXNativeTarget;
			buildConfigurationList = 4CBEE0102938BCBC00630B43 /* Build configuration list for PBXNativeTarget "GojekAssignmentTests" */;
			buildPhases = (
				A5EE2E74396265CB935307EA /* [CP] Check Pods Manifest.lock */,
				4CBEE0042938BCBC00630B43 /* Sources */,
				4CBEE0052938BCBC00630B43 /* Frameworks */,
				4CBEE0062938BCBC00630B43 /* Resources */,
				2BF7DF98920C2855A81CE9BD /* [CP] Embed Pods Frameworks */,
			);
			buildRules = (
			);
			dependencies = (
				4CBEE00D2938BCBC00630B43 /* PBXTargetDependency */,
			);
			name = GojekAssignmentTests;
			productName = GojekAssignmentTests;
			productReference = 4CBEE0082938BCBC00630B43 /* GojekAssignmentTests.xctest */;
			productType = "com.apple.product-type.bundle.unit-test";
		};
		4CCFC33628C485BB005BE7FB /* GojekAssignment */ = {
			isa = PBXNativeTarget;
			buildConfigurationList = 4CCFC34B28C485BF005BE7FB /* Build configuration list for PBXNativeTarget "GojekAssignment" */;
			buildPhases = (
				D998AD00A669C5E33528CB4B /* [CP] Check Pods Manifest.lock */,
				4CCFC33328C485BB005BE7FB /* Sources */,
				4CCFC33428C485BB005BE7FB /* Frameworks */,
				4CCFC33528C485BB005BE7FB /* Resources */,
				40443EDC17EE1D1F9776F157 /* [CP] Embed Pods Frameworks */,
			);
			buildRules = (
			);
			dependencies = (
			);
			name = GojekAssignment;
			productName = GojekAssignment;
			productReference = 4CCFC33728C485BB005BE7FB /* GojekAssignment.app */;
			productType = "com.apple.product-type.application";
		};
/* End PBXNativeTarget section */

/* Begin PBXProject section */
		4CCFC32F28C485BB005BE7FB /* Project object */ = {
			isa = PBXProject;
			attributes = {
				BuildIndependentTargetsInParallel = 1;
				LastSwiftUpdateCheck = 1410;
				LastUpgradeCheck = 1340;
				TargetAttributes = {
					4CBEE0072938BCBC00630B43 = {
						CreatedOnToolsVersion = 14.1;
						TestTargetID = 4CCFC33628C485BB005BE7FB;
					};
					4CCFC33628C485BB005BE7FB = {
						CreatedOnToolsVersion = 13.4.1;
					};
				};
			};
			buildConfigurationList = 4CCFC33228C485BB005BE7FB /* Build configuration list for PBXProject "GojekAssignment" */;
			compatibilityVersion = "Xcode 13.0";
			developmentRegion = en;
			hasScannedForEncodings = 0;
			knownRegions = (
				en,
				Base,
			);
			mainGroup = 4CCFC32E28C485BB005BE7FB;
			productRefGroup = 4CCFC33828C485BB005BE7FB /* Products */;
			projectDirPath = "";
			projectRoot = "";
			targets = (
				4CCFC33628C485BB005BE7FB /* GojekAssignment */,
				4CBEE0072938BCBC00630B43 /* GojekAssignmentTests */,
			);
		};
/* End PBXProject section */

/* Begin PBXResourcesBuildPhase section */
		4CBEE0062938BCBC00630B43 /* Resources */ = {
			isa = PBXResourcesBuildPhase;
			buildActionMask = 2147483647;
			files = (
			);
			runOnlyForDeploymentPostprocessing = 0;
		};
		4CCFC33528C485BB005BE7FB /* Resources */ = {
			isa = PBXResourcesBuildPhase;
			buildActionMask = 2147483647;
			files = (
				4CCFC34728C485BF005BE7FB /* LaunchScreen.storyboard in Resources */,
				4CCFC34428C485BF005BE7FB /* Assets.xcassets in Resources */,
				4CCFC34228C485BB005BE7FB /* Main.storyboard in Resources */,
			);
			runOnlyForDeploymentPostprocessing = 0;
		};
/* End PBXResourcesBuildPhase section */

/* Begin PBXShellScriptBuildPhase section */
		2BF7DF98920C2855A81CE9BD /* [CP] Embed Pods Frameworks */ = {
			isa = PBXShellScriptBuildPhase;
			buildActionMask = 2147483647;
			files = (
			);
			inputFileListPaths = (
				"${PODS_ROOT}/Target Support Files/Pods-GojekAssignmentTests/Pods-GojekAssignmentTests-frameworks-${CONFIGURATION}-input-files.xcfilelist",
			);
			name = "[CP] Embed Pods Frameworks";
			outputFileListPaths = (
				"${PODS_ROOT}/Target Support Files/Pods-GojekAssignmentTests/Pods-GojekAssignmentTests-frameworks-${CONFIGURATION}-output-files.xcfilelist",
			);
			runOnlyForDeploymentPostprocessing = 0;
			shellPath = /bin/sh;
			shellScript = "\"${PODS_ROOT}/Target Support Files/Pods-GojekAssignmentTests/Pods-GojekAssignmentTests-frameworks.sh\"\n";
			showEnvVarsInLog = 0;
		};
		40443EDC17EE1D1F9776F157 /* [CP] Embed Pods Frameworks */ = {
			isa = PBXShellScriptBuildPhase;
			buildActionMask = 2147483647;
			files = (
			);
			inputFileListPaths = (
				"${PODS_ROOT}/Target Support Files/Pods-GojekAssignment/Pods-GojekAssignment-frameworks-${CONFIGURATION}-input-files.xcfilelist",
			);
			name = "[CP] Embed Pods Frameworks";
			outputFileListPaths = (
				"${PODS_ROOT}/Target Support Files/Pods-GojekAssignment/Pods-GojekAssignment-frameworks-${CONFIGURATION}-output-files.xcfilelist",
			);
			runOnlyForDeploymentPostprocessing = 0;
			shellPath = /bin/sh;
			shellScript = "\"${PODS_ROOT}/Target Support Files/Pods-GojekAssignment/Pods-GojekAssignment-frameworks.sh\"\n";
			showEnvVarsInLog = 0;
		};
		A5EE2E74396265CB935307EA /* [CP] Check Pods Manifest.lock */ = {
			isa = PBXShellScriptBuildPhase;
			buildActionMask = 2147483647;
			files = (
			);
			inputFileListPaths = (
			);
			inputPaths = (
				"${PODS_PODFILE_DIR_PATH}/Podfile.lock",
				"${PODS_ROOT}/Manifest.lock",
			);
			name = "[CP] Check Pods Manifest.lock";
			outputFileListPaths = (
			);
			outputPaths = (
				"$(DERIVED_FILE_DIR)/Pods-GojekAssignmentTests-checkManifestLockResult.txt",
			);
			runOnlyForDeploymentPostprocessing = 0;
			shellPath = /bin/sh;
			shellScript = "diff \"${PODS_PODFILE_DIR_PATH}/Podfile.lock\" \"${PODS_ROOT}/Manifest.lock\" > /dev/null\nif [ $? != 0 ] ; then\n    # print error to STDERR\n    echo \"error: The sandbox is not in sync with the Podfile.lock. Run 'pod install' or update your CocoaPods installation.\" >&2\n    exit 1\nfi\n# This output is used by Xcode 'outputs' to avoid re-running this script phase.\necho \"SUCCESS\" > \"${SCRIPT_OUTPUT_FILE_0}\"\n";
			showEnvVarsInLog = 0;
		};
		D998AD00A669C5E33528CB4B /* [CP] Check Pods Manifest.lock */ = {
			isa = PBXShellScriptBuildPhase;
			buildActionMask = 2147483647;
			files = (
			);
			inputFileListPaths = (
			);
			inputPaths = (
				"${PODS_PODFILE_DIR_PATH}/Podfile.lock",
				"${PODS_ROOT}/Manifest.lock",
			);
			name = "[CP] Check Pods Manifest.lock";
			outputFileListPaths = (
			);
			outputPaths = (
				"$(DERIVED_FILE_DIR)/Pods-GojekAssignment-checkManifestLockResult.txt",
			);
			runOnlyForDeploymentPostprocessing = 0;
			shellPath = /bin/sh;
			shellScript = "diff \"${PODS_PODFILE_DIR_PATH}/Podfile.lock\" \"${PODS_ROOT}/Manifest.lock\" > /dev/null\nif [ $? != 0 ] ; then\n    # print error to STDERR\n    echo \"error: The sandbox is not in sync with the Podfile.lock. Run 'pod install' or update your CocoaPods installation.\" >&2\n    exit 1\nfi\n# This output is used by Xcode 'outputs' to avoid re-running this script phase.\necho \"SUCCESS\" > \"${SCRIPT_OUTPUT_FILE_0}\"\n";
			showEnvVarsInLog = 0;
		};
/* End PBXShellScriptBuildPhase section */

/* Begin PBXSourcesBuildPhase section */
		4CBEE0042938BCBC00630B43 /* Sources */ = {
			isa = PBXSourcesBuildPhase;
			buildActionMask = 2147483647;
			files = (
				4CBEE00B2938BCBC00630B43 /* GojekAssignmentTests.swift in Sources */,
			);
			runOnlyForDeploymentPostprocessing = 0;
		};
		4CCFC33328C485BB005BE7FB /* Sources */ = {
			isa = PBXSourcesBuildPhase;
			buildActionMask = 2147483647;
			files = (
				4C7B330228C64E9E00229AB2 /* UserRepository.swift in Sources */,
				4C7B330428C64EDA00229AB2 /* GojekUserRepository.swift in Sources */,
				4CA7BEAC28C643B200100CDF /* DateOfBirth.swift in Sources */,
				4CCFC33F28C485BB005BE7FB /* ViewController.swift in Sources */,
				4CCFC33B28C485BB005BE7FB /* AppDelegate.swift in Sources */,
				4CA3A97928C74EEF001D0308 /* MainViewModel.swift in Sources */,
				4CBF283028C6073100FC3F92 /* UserProfile.swift in Sources */,
				4C7B330028C64B3200229AB2 /* GojekCloudUserRemoteAPI.swift in Sources */,
				4C35C2F528CDE05E00C458BC /* CardViewModel.swift in Sources */,
				4CA7BEAE28C643C300100CDF /* Location.swift in Sources */,
				4CA7BEB428C6466E00100CDF /* UserRemoteAPI.swift in Sources */,
				4CA3A97E28C77454001D0308 /* Photo.swift in Sources */,
				4C09135F2935CA140012110A /* UserDataStore.swift in Sources */,
				4C1C4711293481A000F7828E /* Person+CoreDataClass.swift in Sources */,
				4CCFC33D28C485BB005BE7FB /* SceneDelegate.swift in Sources */,
				4C1C4712293481A000F7828E /* Person+CoreDataProperties.swift in Sources */,
				4CA3A97C28C77382001D0308 /* ImageView+setImage.swift in Sources */,
				4C60941128C4EC35001C0502 /* CardViewController.swift in Sources */,
				4C1C470629347D9900F7828E /* GojekAssignment.xcdatamodeld in Sources */,
				4CA7BEAA28C6435800100CDF /* Name.swift in Sources */,
				4CA7BEB028C643D000100CDF /* Street.swift in Sources */,
				4CCFC34F28C486A5005BE7FB /* MainViewController.swift in Sources */,
				4C496DBB2939BE8400C7DB41 /* GojekAppDependencyContainer.swift in Sources */,
			);
			runOnlyForDeploymentPostprocessing = 0;
		};
/* End PBXSourcesBuildPhase section */

/* Begin PBXTargetDependency section */
		4CBEE00D2938BCBC00630B43 /* PBXTargetDependency */ = {
			isa = PBXTargetDependency;
			target = 4CCFC33628C485BB005BE7FB /* GojekAssignment */;
			targetProxy = 4CBEE00C2938BCBC00630B43 /* PBXContainerItemProxy */;
		};
/* End PBXTargetDependency section */

/* Begin PBXVariantGroup section */
		4CCFC34028C485BB005BE7FB /* Main.storyboard */ = {
			isa = PBXVariantGroup;
			children = (
				4CCFC34128C485BB005BE7FB /* Base */,
			);
			name = Main.storyboard;
			sourceTree = "<group>";
		};
		4CCFC34528C485BF005BE7FB /* LaunchScreen.storyboard */ = {
			isa = PBXVariantGroup;
			children = (
				4CCFC34628C485BF005BE7FB /* Base */,
			);
			name = LaunchScreen.storyboard;
			sourceTree = "<group>";
		};
/* End PBXVariantGroup section */

/* Begin XCBuildConfiguration section */
		4CBEE00E2938BCBC00630B43 /* Debug */ = {
			isa = XCBuildConfiguration;
			baseConfigurationReference = 02FFBBDC88043125D0DD004D /* Pods-GojekAssignmentTests.debug.xcconfig */;
			buildSettings = {
				BUNDLE_LOADER = "$(TEST_HOST)";
				CLANG_CXX_LANGUAGE_STANDARD = "gnu++20";
				CODE_SIGN_STYLE = Automatic;
				CURRENT_PROJECT_VERSION = 1;
				GENERATE_INFOPLIST_FILE = YES;
				IPHONEOS_DEPLOYMENT_TARGET = 16.1;
				MARKETING_VERSION = 1.0;
				PRODUCT_BUNDLE_IDENTIFIER = com.demo.GojekAssignmentTests;
				PRODUCT_NAME = "$(TARGET_NAME)";
				SWIFT_EMIT_LOC_STRINGS = NO;
				SWIFT_VERSION = 5.0;
				TARGETED_DEVICE_FAMILY = "1,2";
				TEST_HOST = "$(BUILT_PRODUCTS_DIR)/GojekAssignment.app/$(BUNDLE_EXECUTABLE_FOLDER_PATH)/GojekAssignment";
			};
			name = Debug;
		};
		4CBEE00F2938BCBC00630B43 /* Release */ = {
			isa = XCBuildConfiguration;
			baseConfigurationReference = 2506DCF8E16877803E2E8075 /* Pods-GojekAssignmentTests.release.xcconfig */;
			buildSettings = {
				BUNDLE_LOADER = "$(TEST_HOST)";
				CLANG_CXX_LANGUAGE_STANDARD = "gnu++20";
				CODE_SIGN_STYLE = Automatic;
				CURRENT_PROJECT_VERSION = 1;
				GENERATE_INFOPLIST_FILE = YES;
				IPHONEOS_DEPLOYMENT_TARGET = 16.1;
				MARKETING_VERSION = 1.0;
				PRODUCT_BUNDLE_IDENTIFIER = com.demo.GojekAssignmentTests;
				PRODUCT_NAME = "$(TARGET_NAME)";
				SWIFT_EMIT_LOC_STRINGS = NO;
				SWIFT_VERSION = 5.0;
				TARGETED_DEVICE_FAMILY = "1,2";
				TEST_HOST = "$(BUILT_PRODUCTS_DIR)/GojekAssignment.app/$(BUNDLE_EXECUTABLE_FOLDER_PATH)/GojekAssignment";
			};
			name = Release;
		};
		4CCFC34928C485BF005BE7FB /* Debug */ = {
			isa = XCBuildConfiguration;
			buildSettings = {
				ALWAYS_SEARCH_USER_PATHS = NO;
				CLANG_ANALYZER_NONNULL = YES;
				CLANG_ANALYZER_NUMBER_OBJECT_CONVERSION = YES_AGGRESSIVE;
				CLANG_CXX_LANGUAGE_STANDARD = "gnu++17";
				CLANG_ENABLE_MODULES = YES;
				CLANG_ENABLE_OBJC_ARC = YES;
				CLANG_ENABLE_OBJC_WEAK = YES;
				CLANG_WARN_BLOCK_CAPTURE_AUTORELEASING = YES;
				CLANG_WARN_BOOL_CONVERSION = YES;
				CLANG_WARN_COMMA = YES;
				CLANG_WARN_CONSTANT_CONVERSION = YES;
				CLANG_WARN_DEPRECATED_OBJC_IMPLEMENTATIONS = YES;
				CLANG_WARN_DIRECT_OBJC_ISA_USAGE = YES_ERROR;
				CLANG_WARN_DOCUMENTATION_COMMENTS = YES;
				CLANG_WARN_EMPTY_BODY = YES;
				CLANG_WARN_ENUM_CONVERSION = YES;
				CLANG_WARN_INFINITE_RECURSION = YES;
				CLANG_WARN_INT_CONVERSION = YES;
				CLANG_WARN_NON_LITERAL_NULL_CONVERSION = YES;
				CLANG_WARN_OBJC_IMPLICIT_RETAIN_SELF = YES;
				CLANG_WARN_OBJC_LITERAL_CONVERSION = YES;
				CLANG_WARN_OBJC_ROOT_CLASS = YES_ERROR;
				CLANG_WARN_QUOTED_INCLUDE_IN_FRAMEWORK_HEADER = YES;
				CLANG_WARN_RANGE_LOOP_ANALYSIS = YES;
				CLANG_WARN_STRICT_PROTOTYPES = YES;
				CLANG_WARN_SUSPICIOUS_MOVE = YES;
				CLANG_WARN_UNGUARDED_AVAILABILITY = YES_AGGRESSIVE;
				CLANG_WARN_UNREACHABLE_CODE = YES;
				CLANG_WARN__DUPLICATE_METHOD_MATCH = YES;
				COPY_PHASE_STRIP = NO;
				DEBUG_INFORMATION_FORMAT = dwarf;
				ENABLE_STRICT_OBJC_MSGSEND = YES;
				ENABLE_TESTABILITY = YES;
				GCC_C_LANGUAGE_STANDARD = gnu11;
				GCC_DYNAMIC_NO_PIC = NO;
				GCC_NO_COMMON_BLOCKS = YES;
				GCC_OPTIMIZATION_LEVEL = 0;
				GCC_PREPROCESSOR_DEFINITIONS = (
					"DEBUG=1",
					"$(inherited)",
				);
				GCC_WARN_64_TO_32_BIT_CONVERSION = YES;
				GCC_WARN_ABOUT_RETURN_TYPE = YES_ERROR;
				GCC_WARN_UNDECLARED_SELECTOR = YES;
				GCC_WARN_UNINITIALIZED_AUTOS = YES_AGGRESSIVE;
				GCC_WARN_UNUSED_FUNCTION = YES;
				GCC_WARN_UNUSED_VARIABLE = YES;
				IPHONEOS_DEPLOYMENT_TARGET = 15.5;
				MTL_ENABLE_DEBUG_INFO = INCLUDE_SOURCE;
				MTL_FAST_MATH = YES;
				ONLY_ACTIVE_ARCH = YES;
				SDKROOT = iphoneos;
				SWIFT_ACTIVE_COMPILATION_CONDITIONS = DEBUG;
				SWIFT_OPTIMIZATION_LEVEL = "-Onone";
			};
			name = Debug;
		};
		4CCFC34A28C485BF005BE7FB /* Release */ = {
			isa = XCBuildConfiguration;
			buildSettings = {
				ALWAYS_SEARCH_USER_PATHS = NO;
				CLANG_ANALYZER_NONNULL = YES;
				CLANG_ANALYZER_NUMBER_OBJECT_CONVERSION = YES_AGGRESSIVE;
				CLANG_CXX_LANGUAGE_STANDARD = "gnu++17";
				CLANG_ENABLE_MODULES = YES;
				CLANG_ENABLE_OBJC_ARC = YES;
				CLANG_ENABLE_OBJC_WEAK = YES;
				CLANG_WARN_BLOCK_CAPTURE_AUTORELEASING = YES;
				CLANG_WARN_BOOL_CONVERSION = YES;
				CLANG_WARN_COMMA = YES;
				CLANG_WARN_CONSTANT_CONVERSION = YES;
				CLANG_WARN_DEPRECATED_OBJC_IMPLEMENTATIONS = YES;
				CLANG_WARN_DIRECT_OBJC_ISA_USAGE = YES_ERROR;
				CLANG_WARN_DOCUMENTATION_COMMENTS = YES;
				CLANG_WARN_EMPTY_BODY = YES;
				CLANG_WARN_ENUM_CONVERSION = YES;
				CLANG_WARN_INFINITE_RECURSION = YES;
				CLANG_WARN_INT_CONVERSION = YES;
				CLANG_WARN_NON_LITERAL_NULL_CONVERSION = YES;
				CLANG_WARN_OBJC_IMPLICIT_RETAIN_SELF = YES;
				CLANG_WARN_OBJC_LITERAL_CONVERSION = YES;
				CLANG_WARN_OBJC_ROOT_CLASS = YES_ERROR;
				CLANG_WARN_QUOTED_INCLUDE_IN_FRAMEWORK_HEADER = YES;
				CLANG_WARN_RANGE_LOOP_ANALYSIS = YES;
				CLANG_WARN_STRICT_PROTOTYPES = YES;
				CLANG_WARN_SUSPICIOUS_MOVE = YES;
				CLANG_WARN_UNGUARDED_AVAILABILITY = YES_AGGRESSIVE;
				CLANG_WARN_UNREACHABLE_CODE = YES;
				CLANG_WARN__DUPLICATE_METHOD_MATCH = YES;
				COPY_PHASE_STRIP = NO;
				DEBUG_INFORMATION_FORMAT = "dwarf-with-dsym";
				ENABLE_NS_ASSERTIONS = NO;
				ENABLE_STRICT_OBJC_MSGSEND = YES;
				GCC_C_LANGUAGE_STANDARD = gnu11;
				GCC_NO_COMMON_BLOCKS = YES;
				GCC_WARN_64_TO_32_BIT_CONVERSION = YES;
				GCC_WARN_ABOUT_RETURN_TYPE = YES_ERROR;
				GCC_WARN_UNDECLARED_SELECTOR = YES;
				GCC_WARN_UNINITIALIZED_AUTOS = YES_AGGRESSIVE;
				GCC_WARN_UNUSED_FUNCTION = YES;
				GCC_WARN_UNUSED_VARIABLE = YES;
				IPHONEOS_DEPLOYMENT_TARGET = 15.5;
				MTL_ENABLE_DEBUG_INFO = NO;
				MTL_FAST_MATH = YES;
				SDKROOT = iphoneos;
				SWIFT_COMPILATION_MODE = wholemodule;
				SWIFT_OPTIMIZATION_LEVEL = "-O";
				VALIDATE_PRODUCT = YES;
			};
			name = Release;
		};
		4CCFC34C28C485BF005BE7FB /* Debug */ = {
			isa = XCBuildConfiguration;
			baseConfigurationReference = F2CB43870156A74A499F6692 /* Pods-GojekAssignment.debug.xcconfig */;
			buildSettings = {
				ASSETCATALOG_COMPILER_APPICON_NAME = AppIcon;
				ASSETCATALOG_COMPILER_GLOBAL_ACCENT_COLOR_NAME = AccentColor;
				CODE_SIGN_STYLE = Automatic;
				CURRENT_PROJECT_VERSION = 1;
				GENERATE_INFOPLIST_FILE = YES;
				INFOPLIST_FILE = GojekAssignment/Info.plist;
				INFOPLIST_KEY_UIApplicationSupportsIndirectInputEvents = YES;
				INFOPLIST_KEY_UILaunchStoryboardName = LaunchScreen;
				INFOPLIST_KEY_UIMainStoryboardFile = Main;
				INFOPLIST_KEY_UISupportedInterfaceOrientations_iPad = "UIInterfaceOrientationPortrait UIInterfaceOrientationPortraitUpsideDown UIInterfaceOrientationLandscapeLeft UIInterfaceOrientationLandscapeRight";
				INFOPLIST_KEY_UISupportedInterfaceOrientations_iPhone = "UIInterfaceOrientationPortrait UIInterfaceOrientationLandscapeLeft UIInterfaceOrientationLandscapeRight";
				LD_RUNPATH_SEARCH_PATHS = (
					"$(inherited)",
					"@executable_path/Frameworks",
				);
				MARKETING_VERSION = 1.0;
				PRODUCT_BUNDLE_IDENTIFIER = com.khoapham.GojekAssignment;
				PRODUCT_NAME = "$(TARGET_NAME)";
				SWIFT_EMIT_LOC_STRINGS = YES;
				SWIFT_VERSION = 5.0;
				TARGETED_DEVICE_FAMILY = "1,2";
			};
			name = Debug;
		};
		4CCFC34D28C485BF005BE7FB /* Release */ = {
			isa = XCBuildConfiguration;
			baseConfigurationReference = BEFE0598444241D346F9E1BF /* Pods-GojekAssignment.release.xcconfig */;
			buildSettings = {
				ASSETCATALOG_COMPILER_APPICON_NAME = AppIcon;
				ASSETCATALOG_COMPILER_GLOBAL_ACCENT_COLOR_NAME = AccentColor;
				CODE_SIGN_STYLE = Automatic;
				CURRENT_PROJECT_VERSION = 1;
				GENERATE_INFOPLIST_FILE = YES;
				INFOPLIST_FILE = GojekAssignment/Info.plist;
				INFOPLIST_KEY_UIApplicationSupportsIndirectInputEvents = YES;
				INFOPLIST_KEY_UILaunchStoryboardName = LaunchScreen;
				INFOPLIST_KEY_UIMainStoryboardFile = Main;
				INFOPLIST_KEY_UISupportedInterfaceOrientations_iPad = "UIInterfaceOrientationPortrait UIInterfaceOrientationPortraitUpsideDown UIInterfaceOrientationLandscapeLeft UIInterfaceOrientationLandscapeRight";
				INFOPLIST_KEY_UISupportedInterfaceOrientations_iPhone = "UIInterfaceOrientationPortrait UIInterfaceOrientationLandscapeLeft UIInterfaceOrientationLandscapeRight";
				LD_RUNPATH_SEARCH_PATHS = (
					"$(inherited)",
					"@executable_path/Frameworks",
				);
				MARKETING_VERSION = 1.0;
				PRODUCT_BUNDLE_IDENTIFIER = com.khoapham.GojekAssignment;
				PRODUCT_NAME = "$(TARGET_NAME)";
				SWIFT_EMIT_LOC_STRINGS = YES;
				SWIFT_VERSION = 5.0;
				TARGETED_DEVICE_FAMILY = "1,2";
			};
			name = Release;
		};
/* End XCBuildConfiguration section */

/* Begin XCConfigurationList section */
		4CBEE0102938BCBC00630B43 /* Build configuration list for PBXNativeTarget "GojekAssignmentTests" */ = {
			isa = XCConfigurationList;
			buildConfigurations = (
				4CBEE00E2938BCBC00630B43 /* Debug */,
				4CBEE00F2938BCBC00630B43 /* Release */,
			);
			defaultConfigurationIsVisible = 0;
			defaultConfigurationName = Release;
		};
		4CCFC33228C485BB005BE7FB /* Build configuration list for PBXProject "GojekAssignment" */ = {
			isa = XCConfigurationList;
			buildConfigurations = (
				4CCFC34928C485BF005BE7FB /* Debug */,
				4CCFC34A28C485BF005BE7FB /* Release */,
			);
			defaultConfigurationIsVisible = 0;
			defaultConfigurationName = Release;
		};
		4CCFC34B28C485BF005BE7FB /* Build configuration list for PBXNativeTarget "GojekAssignment" */ = {
			isa = XCConfigurationList;
			buildConfigurations = (
				4CCFC34C28C485BF005BE7FB /* Debug */,
				4CCFC34D28C485BF005BE7FB /* Release */,
			);
			defaultConfigurationIsVisible = 0;
			defaultConfigurationName = Release;
		};
/* End XCConfigurationList section */

/* Begin XCVersionGroup section */
		4C1C470429347D9900F7828E /* GojekAssignment.xcdatamodeld */ = {
			isa = XCVersionGroup;
			children = (
				4C1C470529347D9900F7828E /* GojekAssignment.xcdatamodel */,
			);
			currentVersion = 4C1C470529347D9900F7828E /* GojekAssignment.xcdatamodel */;
			path = GojekAssignment.xcdatamodeld;
			sourceTree = "<group>";
			versionGroupType = wrapper.xcdatamodel;
		};
/* End XCVersionGroup section */
	};
	rootObject = 4CCFC32F28C485BB005BE7FB /* Project object */;
}
